
Microsoft Visual Studio Solution File, Format Version 12.00
# Visual Studio Version 17
VisualStudioVersion = 17.4.33103.184
MinimumVisualStudioVersion = 10.0.40219.1
Project("{FAE04EC0-301F-11D3-BF4B-00C04F79EFBC}") = "TeamFury_API", "TeamFury_API\TeamFury_API.csproj", "{7738F035-30D7-4699-A0E7-E7FA31331680}"
EndProject
Global
	GlobalSection(SolutionConfigurationPlatforms) = preSolution
		Debug|Any CPU = Debug|Any CPU
		Release|Any CPU = Release|Any CPU
	EndGlobalSection
	GlobalSection(ProjectConfigurationPlatforms) = postSolution
		{7738F035-30D7-4699-A0E7-E7FA31331680}.Debug|Any CPU.ActiveCfg = Debug|Any CPU
		{7738F035-30D7-4699-A0E7-E7FA31331680}.Debug|Any CPU.Build.0 = Debug|Any CPU
		{7738F035-30D7-4699-A0E7-E7FA31331680}.Release|Any CPU.ActiveCfg = Release|Any CPU
		{7738F035-30D7-4699-A0E7-E7FA31331680}.Release|Any CPU.Build.0 = Release|Any CPU
	EndGlobalSection
	GlobalSection(SolutionProperties) = preSolution
		HideSolutionNode = FALSE
	EndGlobalSection
	GlobalSection(ExtensibilityGlobals) = postSolution
		SolutionGuid = {9046959A-308D-4DE0-8125-9BF0BF3B8B4A}
	EndGlobalSection
EndGlobal
